
Microsoft Visual Studio Solution File, Format Version 12.00
# Visual Studio Version 17
VisualStudioVersion = 17.4.32804.182
MinimumVisualStudioVersion = 10.0.40219.1
Project("{FAE04EC0-301F-11D3-BF4B-00C04F79EFBC}") = "EF Project", "EF Project\EF Project.csproj", "{2308488E-17D7-46AE-AEDB-D0EF9E582F99}"
EndProject
Global
	GlobalSection(SolutionConfigurationPlatforms) = preSolution
		Debug|Any CPU = Debug|Any CPU
		Release|Any CPU = Release|Any CPU
	EndGlobalSection
	GlobalSection(ProjectConfigurationPlatforms) = postSolution
		{2308488E-17D7-46AE-AEDB-D0EF9E582F99}.Debug|Any CPU.ActiveCfg = Debug|Any CPU
		{2308488E-17D7-46AE-AEDB-D0EF9E582F99}.Debug|Any CPU.Build.0 = Debug|Any CPU
		{2308488E-17D7-46AE-AEDB-D0EF9E582F99}.Release|Any CPU.ActiveCfg = Release|Any CPU
		{2308488E-17D7-46AE-AEDB-D0EF9E582F99}.Release|Any CPU.Build.0 = Release|Any CPU
	EndGlobalSection
	GlobalSection(SolutionProperties) = preSolution
		HideSolutionNode = FALSE
	EndGlobalSection
	GlobalSection(ExtensibilityGlobals) = postSolution
		SolutionGuid = {59F6334F-C051-4370-853B-A7C9C902A7A0}
	EndGlobalSection
EndGlobal
